
Microsoft Visual Studio Solution File, Format Version 12.00
# Visual Studio 15
VisualStudioVersion = 15.0.28307.902
MinimumVisualStudioVersion = 10.0.40219.1
Project("{FAE04EC0-301F-11D3-BF4B-00C04F79EFBC}") = "KaartingenGrootDeinze", "KaartingenGrootDeinze\KaartingenGrootDeinze.csproj", "{455E77B2-9100-4616-B180-5E90A1CCE3AF}"
EndProject
Global
	GlobalSection(SolutionConfigurationPlatforms) = preSolution
		Debug|Any CPU = Debug|Any CPU
		Release|Any CPU = Release|Any CPU
	EndGlobalSection
	GlobalSection(ProjectConfigurationPlatforms) = postSolution
		{455E77B2-9100-4616-B180-5E90A1CCE3AF}.Debug|Any CPU.ActiveCfg = Debug|Any CPU
		{455E77B2-9100-4616-B180-5E90A1CCE3AF}.Debug|Any CPU.Build.0 = Debug|Any CPU
		{455E77B2-9100-4616-B180-5E90A1CCE3AF}.Release|Any CPU.ActiveCfg = Release|Any CPU
		{455E77B2-9100-4616-B180-5E90A1CCE3AF}.Release|Any CPU.Build.0 = Release|Any CPU
	EndGlobalSection
	GlobalSection(SolutionProperties) = preSolution
		HideSolutionNode = FALSE
	EndGlobalSection
	GlobalSection(ExtensibilityGlobals) = postSolution
		SolutionGuid = {210397DA-5E25-4A3A-A6D1-A3799BC163B4}
	EndGlobalSection
EndGlobal
